
Microsoft Visual Studio Solution File, Format Version 12.00
# Visual Studio Version 17
VisualStudioVersion = 17.12.35209.166
MinimumVisualStudioVersion = 10.0.40219.1
Project("{FAE04EC0-301F-11D3-BF4B-00C04F79EFBC}") = "GaussianSmoothingTest", "GaussianSmoothingTest\GaussianSmoothingTest.csproj", "{F75412E7-793C-4618-BBB4-5171F261826B}"
EndProject
Global
	GlobalSection(SolutionConfigurationPlatforms) = preSolution
		Debug|Any CPU = Debug|Any CPU
		Release|Any CPU = Release|Any CPU
	EndGlobalSection
	GlobalSection(ProjectConfigurationPlatforms) = postSolution
		{F75412E7-793C-4618-BBB4-5171F261826B}.Debug|Any CPU.ActiveCfg = Debug|Any CPU
		{F75412E7-793C-4618-BBB4-5171F261826B}.Debug|Any CPU.Build.0 = Debug|Any CPU
		{F75412E7-793C-4618-BBB4-5171F261826B}.Release|Any CPU.ActiveCfg = Release|Any CPU
		{F75412E7-793C-4618-BBB4-5171F261826B}.Release|Any CPU.Build.0 = Release|Any CPU
	EndGlobalSection
	GlobalSection(SolutionProperties) = preSolution
		HideSolutionNode = FALSE
	EndGlobalSection
	GlobalSection(ExtensibilityGlobals) = postSolution
		SolutionGuid = {D5CB7467-418B-49D9-92C1-5A81ADE32C3D}
	EndGlobalSection
EndGlobal
